
Microsoft Visual Studio Solution File, Format Version 12.00
# Visual Studio Version 16
VisualStudioVersion = 16.0.29806.167
MinimumVisualStudioVersion = 10.0.40219.1
Project("{FAE04EC0-301F-11D3-BF4B-00C04F79EFBC}") = "RestaurantAutomation.API", "RestaurantAutomation.API\RestaurantAutomation.API.csproj", "{1B237CD2-6BB7-4E39-99FD-8B8B0C05F511}"
EndProject
Project("{FAE04EC0-301F-11D3-BF4B-00C04F79EFBC}") = "RestaurantDataAccess.DB", "..\RestaurantDataAccess.DB\RestaurantDataAccess.DB.csproj", "{32EA10A0-642C-4C09-A7FD-666DFD68DF12}"
EndProject
Global
	GlobalSection(SolutionConfigurationPlatforms) = preSolution
		Debug|Any CPU = Debug|Any CPU
		Release|Any CPU = Release|Any CPU
	EndGlobalSection
	GlobalSection(ProjectConfigurationPlatforms) = postSolution
		{1B237CD2-6BB7-4E39-99FD-8B8B0C05F511}.Debug|Any CPU.ActiveCfg = Debug|Any CPU
		{1B237CD2-6BB7-4E39-99FD-8B8B0C05F511}.Debug|Any CPU.Build.0 = Debug|Any CPU
		{1B237CD2-6BB7-4E39-99FD-8B8B0C05F511}.Release|Any CPU.ActiveCfg = Release|Any CPU
		{1B237CD2-6BB7-4E39-99FD-8B8B0C05F511}.Release|Any CPU.Build.0 = Release|Any CPU
		{32EA10A0-642C-4C09-A7FD-666DFD68DF12}.Debug|Any CPU.ActiveCfg = Debug|Any CPU
		{32EA10A0-642C-4C09-A7FD-666DFD68DF12}.Debug|Any CPU.Build.0 = Debug|Any CPU
		{32EA10A0-642C-4C09-A7FD-666DFD68DF12}.Release|Any CPU.ActiveCfg = Release|Any CPU
		{32EA10A0-642C-4C09-A7FD-666DFD68DF12}.Release|Any CPU.Build.0 = Release|Any CPU
	EndGlobalSection
	GlobalSection(SolutionProperties) = preSolution
		HideSolutionNode = FALSE
	EndGlobalSection
	GlobalSection(ExtensibilityGlobals) = postSolution
		SolutionGuid = {84743379-EB6D-4359-ABA2-EE50AC068844}
	EndGlobalSection
EndGlobal
